
Microsoft Visual Studio Solution File, Format Version 12.00
# Visual Studio Version 16
VisualStudioVersion = 16.0.29418.71
MinimumVisualStudioVersion = 10.0.40219.1
Project("{FAE04EC0-301F-11D3-BF4B-00C04F79EFBC}") = "BlazorConnectFour", "BlazorConnectFour\BlazorConnectFour.csproj", "{CAC7451B-492F-45FB-9B48-87EA8B6DFDB3}"
EndProject
Global
	GlobalSection(SolutionConfigurationPlatforms) = preSolution
		Debug|Any CPU = Debug|Any CPU
		Release|Any CPU = Release|Any CPU
	EndGlobalSection
	GlobalSection(ProjectConfigurationPlatforms) = postSolution
		{CAC7451B-492F-45FB-9B48-87EA8B6DFDB3}.Debug|Any CPU.ActiveCfg = Debug|Any CPU
		{CAC7451B-492F-45FB-9B48-87EA8B6DFDB3}.Debug|Any CPU.Build.0 = Debug|Any CPU
		{CAC7451B-492F-45FB-9B48-87EA8B6DFDB3}.Release|Any CPU.ActiveCfg = Release|Any CPU
		{CAC7451B-492F-45FB-9B48-87EA8B6DFDB3}.Release|Any CPU.Build.0 = Release|Any CPU
	EndGlobalSection
	GlobalSection(SolutionProperties) = preSolution
		HideSolutionNode = FALSE
	EndGlobalSection
	GlobalSection(ExtensibilityGlobals) = postSolution
		SolutionGuid = {A9898755-B8C4-4B6E-A120-EFBF80612A2D}
	EndGlobalSection
EndGlobal
